// !$*UTF8*$!
{
	archiveVersion = 1;
	classes = {
	};
	objectVersion = 77;
	objects = {

/* Begin PBXContainerItemProxy section */
		DBAD3A9A2DBD775600063B2C /* PBXContainerItemProxy */ = {
			isa = PBXContainerItemProxy;
			containerPortal = DBAD3A782DBD775500063B2C /* Project object */;
			proxyType = 1;
			remoteGlobalIDString = DBAD3A7F2DBD775500063B2C;
			remoteInfo = CoinLedger;
		};
		DBAD3AA42DBD775600063B2C /* PBXContainerItemProxy */ = {
			isa = PBXContainerItemProxy;
			containerPortal = DBAD3A782DBD775500063B2C /* Project object */;
			proxyType = 1;
			remoteGlobalIDString = DBAD3A7F2DBD775500063B2C;
			remoteInfo = CoinLedger;
		};
/* End PBXContainerItemProxy section */

/* Begin PBXFileReference section */
		DBAD3A802DBD775500063B2C /* CoinLedger.app */ = {isa = PBXFileReference; explicitFileType = wrapper.application; includeInIndex = 0; path = CoinLedger.app; sourceTree = BUILT_PRODUCTS_DIR; };
		DBAD3A992DBD775600063B2C /* CoinLedgerTests.xctest */ = {isa = PBXFileReference; explicitFileType = wrapper.cfbundle; includeInIndex = 0; path = CoinLedgerTests.xctest; sourceTree = BUILT_PRODUCTS_DIR; };
		DBAD3AA32DBD775600063B2C /* CoinLedgerUITests.xctest */ = {isa = PBXFileReference; explicitFileType = wrapper.cfbundle; includeInIndex = 0; path = CoinLedgerUITests.xctest; sourceTree = BUILT_PRODUCTS_DIR; };
/* End PBXFileReference section */

/* Begin PBXFileSystemSynchronizedBuildFileExceptionSet section */
		DBAD3AAB2DBD775600063B2C /* Exceptions for "CoinLedger" folder in "CoinLedger" target */ = {
			isa = PBXFileSystemSynchronizedBuildFileExceptionSet;
			membershipExceptions = (
				App/Info.plist,
			);
			target = DBAD3A7F2DBD775500063B2C /* CoinLedger */;
		};
/* End PBXFileSystemSynchronizedBuildFileExceptionSet section */

/* Begin PBXFileSystemSynchronizedRootGroup section */
		DBAD3A822DBD775500063B2C /* CoinLedger */ = {
			isa = PBXFileSystemSynchronizedRootGroup;
			exceptions = (
				DBAD3AAB2DBD775600063B2C /* Exceptions for "CoinLedger" folder in "CoinLedger" target */,
			);
			path = CoinLedger;
			sourceTree = "<group>";
		};
		DBAD3A9C2DBD775600063B2C /* CoinLedgerTests */ = {
			isa = PBXFileSystemSynchronizedRootGroup;
			path = CoinLedgerTests;
			sourceTree = "<group>";
		};
		DBAD3AA62DBD775600063B2C /* CoinLedgerUITests */ = {
			isa = PBXFileSystemSynchronizedRootGroup;
			path = CoinLedgerUITests;
			sourceTree = "<group>";
		};
/* End PBXFileSystemSynchronizedRootGroup section */

/* Begin PBXFrameworksBuildPhase section */
		DBAD3A7D2DBD775500063B2C /* Frameworks */ = {
			isa = PBXFrameworksBuildPhase;
			buildActionMask = 2147483647;
			files = (
			);
			runOnlyForDeploymentPostprocessing = 0;
		};
		DBAD3A962DBD775600063B2C /* Frameworks */ = {
			isa = PBXFrameworksBuildPhase;
			buildActionMask = 2147483647;
			files = (
			);
			runOnlyForDeploymentPostprocessing = 0;
		};
		DBAD3AA02DBD775600063B2C /* Frameworks */ = {
			isa = PBXFrameworksBuildPhase;
			buildActionMask = 2147483647;
			files = (
			);
			runOnlyForDeploymentPostprocessing = 0;
		};
/* End PBXFrameworksBuildPhase section */

/* Begin PBXGroup section */
		DBAD3A772DBD775500063B2C = {
			isa = PBXGroup;
			children = (
				DBAD3A822DBD775500063B2C /* CoinLedger */,
				DBAD3A9C2DBD775600063B2C /* CoinLedgerTests */,
				DBAD3AA62DBD775600063B2C /* CoinLedgerUITests */,
				DBAD3A812DBD775500063B2C /* Products */,
			);
			sourceTree = "<group>";
		};
		DBAD3A812DBD775500063B2C /* Products */ = {
			isa = PBXGroup;
			children = (
				DBAD3A802DBD775500063B2C /* CoinLedger.app */,
				DBAD3A992DBD775600063B2C /* CoinLedgerTests.xctest */,
				DBAD3AA32DBD775600063B2C /* CoinLedgerUITests.xctest */,
			);
			name = Products;
			sourceTree = "<group>";
		};
/* End PBXGroup section */

/* Begin PBXNativeTarget section */
		DBAD3A7F2DBD775500063B2C /* CoinLedger */ = {
			isa = PBXNativeTarget;
			buildConfigurationList = DBAD3AAC2DBD775600063B2C /* Build configuration list for PBXNativeTarget "CoinLedger" */;
			buildPhases = (
				DBAD3A7C2DBD775500063B2C /* Sources */,
				DBAD3A7D2DBD775500063B2C /* Frameworks */,
				DBAD3A7E2DBD775500063B2C /* Resources */,
			);
			buildRules = (
			);
			dependencies = (
			);
			fileSystemSynchronizedGroups = (
				DBAD3A822DBD775500063B2C /* CoinLedger */,
			);
			name = CoinLedger;
			packageProductDependencies = (
			);
			productName = CoinLedger;
			productReference = DBAD3A802DBD775500063B2C /* CoinLedger.app */;
			productType = "com.apple.product-type.application";
		};
		DBAD3A982DBD775600063B2C /* CoinLedgerTests */ = {
			isa = PBXNativeTarget;
			buildConfigurationList = DBAD3AB12DBD775600063B2C /* Build configuration list for PBXNativeTarget "CoinLedgerTests" */;
			buildPhases = (
				DBAD3A952DBD775600063B2C /* Sources */,
				DBAD3A962DBD775600063B2C /* Frameworks */,
				DBAD3A972DBD775600063B2C /* Resources */,
			);
			buildRules = (
			);
			dependencies = (
				DBAD3A9B2DBD775600063B2C /* PBXTargetDependency */,
			);
			fileSystemSynchronizedGroups = (
				DBAD3A9C2DBD775600063B2C /* CoinLedgerTests */,
			);
			name = CoinLedgerTests;
			packageProductDependencies = (
			);
			productName = CoinLedgerTests;
			productReference = DBAD3A992DBD775600063B2C /* CoinLedgerTests.xctest */;
			productType = "com.apple.product-type.bundle.unit-test";
		};
		DBAD3AA22DBD775600063B2C /* CoinLedgerUITests */ = {
			isa = PBXNativeTarget;
			buildConfigurationList = DBAD3AB42DBD775600063B2C /* Build configuration list for PBXNativeTarget "CoinLedgerUITests" */;
			buildPhases = (
				DBAD3A9F2DBD775600063B2C /* Sources */,
				DBAD3AA02DBD775600063B2C /* Frameworks */,
				DBAD3AA12DBD775600063B2C /* Resources */,
			);
			buildRules = (
			);
			dependencies = (
				DBAD3AA52DBD775600063B2C /* PBXTargetDependency */,
			);
			fileSystemSynchronizedGroups = (
				DBAD3AA62DBD775600063B2C /* CoinLedgerUITests */,
			);
			name = CoinLedgerUITests;
			packageProductDependencies = (
			);
			productName = CoinLedgerUITests;
			productReference = DBAD3AA32DBD775600063B2C /* CoinLedgerUITests.xctest */;
			productType = "com.apple.product-type.bundle.ui-testing";
		};
/* End PBXNativeTarget section */

/* Begin PBXProject section */
		DBAD3A782DBD775500063B2C /* Project object */ = {
			isa = PBXProject;
			attributes = {
				BuildIndependentTargetsInParallel = 1;
				LastSwiftUpdateCheck = 1600;
				LastUpgradeCheck = 1600;
				TargetAttributes = {
					DBAD3A7F2DBD775500063B2C = {
						CreatedOnToolsVersion = 16.0;
					};
					DBAD3A982DBD775600063B2C = {
						CreatedOnToolsVersion = 16.0;
						TestTargetID = DBAD3A7F2DBD775500063B2C;
					};
					DBAD3AA22DBD775600063B2C = {
						CreatedOnToolsVersion = 16.0;
						TestTargetID = DBAD3A7F2DBD775500063B2C;
					};
				};
			};
			buildConfigurationList = DBAD3A7B2DBD775500063B2C /* Build configuration list for PBXProject "CoinLedger" */;
			developmentRegion = en;
			hasScannedForEncodings = 0;
			knownRegions = (
				en,
				Base,
			);
			mainGroup = DBAD3A772DBD775500063B2C;
			minimizedProjectReferenceProxies = 1;
			preferredProjectObjectVersion = 77;
			productRefGroup = DBAD3A812DBD775500063B2C /* Products */;
			projectDirPath = "";
			projectRoot = "";
			targets = (
				DBAD3A7F2DBD775500063B2C /* CoinLedger */,
				DBAD3A982DBD775600063B2C /* CoinLedgerTests */,
				DBAD3AA22DBD775600063B2C /* CoinLedgerUITests */,
			);
		};
/* End PBXProject section */

/* Begin PBXResourcesBuildPhase section */
		DBAD3A7E2DBD775500063B2C /* Resources */ = {
			isa = PBXResourcesBuildPhase;
			buildActionMask = 2147483647;
			files = (
			);
			runOnlyForDeploymentPostprocessing = 0;
		};
		DBAD3A972DBD775600063B2C /* Resources */ = {
			isa = PBXResourcesBuildPhase;
			buildActionMask = 2147483647;
			files = (
			);
			runOnlyForDeploymentPostprocessing = 0;
		};
		DBAD3AA12DBD775600063B2C /* Resources */ = {
			isa = PBXResourcesBuildPhase;
			buildActionMask = 2147483647;
			files = (
			);
			runOnlyForDeploymentPostprocessing = 0;
		};
/* End PBXResourcesBuildPhase section */

/* Begin PBXSourcesBuildPhase section */
		DBAD3A7C2DBD775500063B2C /* Sources */ = {
			isa = PBXSourcesBuildPhase;
			buildActionMask = 2147483647;
			files = (
			);
			runOnlyForDeploymentPostprocessing = 0;
		};
		DBAD3A952DBD775600063B2C /* Sources */ = {
			isa = PBXSourcesBuildPhase;
			buildActionMask = 2147483647;
			files = (
			);
			runOnlyForDeploymentPostprocessing = 0;
		};
		DBAD3A9F2DBD775600063B2C /* Sources */ = {
			isa = PBXSourcesBuildPhase;
			buildActionMask = 2147483647;
			files = (
			);
			runOnlyForDeploymentPostprocessing = 0;
		};
/* End PBXSourcesBuildPhase section */

/* Begin PBXTargetDependency section */
		DBAD3A9B2DBD775600063B2C /* PBXTargetDependency */ = {
			isa = PBXTargetDependency;
			target = DBAD3A7F2DBD775500063B2C /* CoinLedger */;
			targetProxy = DBAD3A9A2DBD775600063B2C /* PBXContainerItemProxy */;
		};
		DBAD3AA52DBD775600063B2C /* PBXTargetDependency */ = {
			isa = PBXTargetDependency;
			target = DBAD3A7F2DBD775500063B2C /* CoinLedger */;
			targetProxy = DBAD3AA42DBD775600063B2C /* PBXContainerItemProxy */;
		};
/* End PBXTargetDependency section */

/* Begin XCBuildConfiguration section */
		DBAD3AAD2DBD775600063B2C /* Debug */ = {
			isa = XCBuildConfiguration;
			buildSettings = {
				ASSETCATALOG_COMPILER_APPICON_NAME = AppIcon;
				ASSETCATALOG_COMPILER_GLOBAL_ACCENT_COLOR_NAME = AccentColor;
				CODE_SIGN_STYLE = Automatic;
				CURRENT_PROJECT_VERSION = 1;
				DEVELOPMENT_TEAM = 242J9RYTYL;
				GENERATE_INFOPLIST_FILE = YES;
				INFOPLIST_FILE = CoinLedger/App/Info.plist;
				INFOPLIST_KEY_UIApplicationSupportsIndirectInputEvents = YES;
				INFOPLIST_KEY_UILaunchStoryboardName = LaunchScreen;
				INFOPLIST_KEY_UISupportedInterfaceOrientations_iPad = "UIInterfaceOrientationPortrait UIInterfaceOrientationPortraitUpsideDown UIInterfaceOrientationLandscapeLeft UIInterfaceOrientationLandscapeRight";
				INFOPLIST_KEY_UISupportedInterfaceOrientations_iPhone = "UIInterfaceOrientationPortrait UIInterfaceOrientationLandscapeLeft UIInterfaceOrientationLandscapeRight";
				LD_RUNPATH_SEARCH_PATHS = (
					"$(inherited)",
					"@executable_path/Frameworks",
				);
				MARKETING_VERSION = 1.0;
				PRODUCT_BUNDLE_IDENTIFIER = dev.gichuki.CoinLedger;
				PRODUCT_NAME = "$(TARGET_NAME)";
				SWIFT_EMIT_LOC_STRINGS = YES;
				SWIFT_VERSION = 5.0;
				TARGETED_DEVICE_FAMILY = "1,2";
			};
			name = Debug;
		};
		DBAD3AAE2DBD775600063B2C /* Release */ = {
			isa = XCBuildConfiguration;
			buildSettings = {
				ASSETCATALOG_COMPILER_APPICON_NAME = AppIcon;
				ASSETCATALOG_COMPILER_GLOBAL_ACCENT_COLOR_NAME = AccentColor;
				CODE_SIGN_STYLE = Automatic;
				CURRENT_PROJECT_VERSION = 1;
				DEVELOPMENT_TEAM = 242J9RYTYL;
				GENERATE_INFOPLIST_FILE = YES;
				INFOPLIST_FILE = CoinLedger/App/Info.plist;
				INFOPLIST_KEY_UIApplicationSupportsIndirectInputEvents = YES;
				INFOPLIST_KEY_UILaunchStoryboardName = LaunchScreen;
				INFOPLIST_KEY_UISupportedInterfaceOrientations_iPad = "UIInterfaceOrientationPortrait UIInterfaceOrientationPortraitUpsideDown UIInterfaceOrientationLandscapeLeft UIInterfaceOrientationLandscapeRight";
				INFOPLIST_KEY_UISupportedInterfaceOrientations_iPhone = "UIInterfaceOrientationPortrait UIInterfaceOrientationLandscapeLeft UIInterfaceOrientationLandscapeRight";
				LD_RUNPATH_SEARCH_PATHS = (
					"$(inherited)",
					"@executable_path/Frameworks",
				);
				MARKETING_VERSION = 1.0;
				PRODUCT_BUNDLE_IDENTIFIER = dev.gichuki.CoinLedger;
				PRODUCT_NAME = "$(TARGET_NAME)";
				SWIFT_EMIT_LOC_STRINGS = YES;
				SWIFT_VERSION = 5.0;
				TARGETED_DEVICE_FAMILY = "1,2";
			};
			name = Release;
		};
		DBAD3AAF2DBD775600063B2C /* Debug */ = {
			isa = XCBuildConfiguration;
			buildSettings = {
				ALWAYS_SEARCH_USER_PATHS = NO;
				ASSETCATALOG_COMPILER_GENERATE_SWIFT_ASSET_SYMBOL_EXTENSIONS = YES;
				CLANG_ANALYZER_NONNULL = YES;
				CLANG_ANALYZER_NUMBER_OBJECT_CONVERSION = YES_AGGRESSIVE;
				CLANG_CXX_LANGUAGE_STANDARD = "gnu++20";
				CLANG_ENABLE_MODULES = YES;
				CLANG_ENABLE_OBJC_ARC = YES;
				CLANG_ENABLE_OBJC_WEAK = YES;
				CLANG_WARN_BLOCK_CAPTURE_AUTORELEASING = YES;
				CLANG_WARN_BOOL_CONVERSION = YES;
				CLANG_WARN_COMMA = YES;
				CLANG_WARN_CONSTANT_CONVERSION = YES;
				CLANG_WARN_DEPRECATED_OBJC_IMPLEMENTATIONS = YES;
				CLANG_WARN_DIRECT_OBJC_ISA_USAGE = YES_ERROR;
				CLANG_WARN_DOCUMENTATION_COMMENTS = YES;
				CLANG_WARN_EMPTY_BODY = YES;
				CLANG_WARN_ENUM_CONVERSION = YES;
				CLANG_WARN_INFINITE_RECURSION = YES;
				CLANG_WARN_INT_CONVERSION = YES;
				CLANG_WARN_NON_LITERAL_NULL_CONVERSION = YES;
				CLANG_WARN_OBJC_IMPLICIT_RETAIN_SELF = YES;
				CLANG_WARN_OBJC_LITERAL_CONVERSION = YES;
				CLANG_WARN_OBJC_ROOT_CLASS = YES_ERROR;
				CLANG_WARN_QUOTED_INCLUDE_IN_FRAMEWORK_HEADER = YES;
				CLANG_WARN_RANGE_LOOP_ANALYSIS = YES;
				CLANG_WARN_STRICT_PROTOTYPES = YES;
				CLANG_WARN_SUSPICIOUS_MOVE = YES;
				CLANG_WARN_UNGUARDED_AVAILABILITY = YES_AGGRESSIVE;
				CLANG_WARN_UNREACHABLE_CODE = YES;
				CLANG_WARN__DUPLICATE_METHOD_MATCH = YES;
				COPY_PHASE_STRIP = NO;
				DEBUG_INFORMATION_FORMAT = dwarf;
				ENABLE_STRICT_OBJC_MSGSEND = YES;
				ENABLE_TESTABILITY = YES;
				ENABLE_USER_SCRIPT_SANDBOXING = YES;
				GCC_C_LANGUAGE_STANDARD = gnu17;
				GCC_DYNAMIC_NO_PIC = NO;
				GCC_NO_COMMON_BLOCKS = YES;
				GCC_OPTIMIZATION_LEVEL = 0;
				GCC_PREPROCESSOR_DEFINITIONS = (
					"DEBUG=1",
					"$(inherited)",
				);
				GCC_WARN_64_TO_32_BIT_CONVERSION = YES;
				GCC_WARN_ABOUT_RETURN_TYPE = YES_ERROR;
				GCC_WARN_UNDECLARED_SELECTOR = YES;
				GCC_WARN_UNINITIALIZED_AUTOS = YES_AGGRESSIVE;
				GCC_WARN_UNUSED_FUNCTION = YES;
				GCC_WARN_UNUSED_VARIABLE = YES;
				IPHONEOS_DEPLOYMENT_TARGET = 18.0;
				LOCALIZATION_PREFERS_STRING_CATALOGS = YES;
				MTL_ENABLE_DEBUG_INFO = INCLUDE_SOURCE;
				MTL_FAST_MATH = YES;
				ONLY_ACTIVE_ARCH = YES;
				SDKROOT = iphoneos;
				SWIFT_ACTIVE_COMPILATION_CONDITIONS = "DEBUG $(inherited)";
				SWIFT_OPTIMIZATION_LEVEL = "-Onone";
			};
			name = Debug;
		};
		DBAD3AB02DBD775600063B2C /* Release */ = {
			isa = XCBuildConfiguration;
			buildSettings = {
				ALWAYS_SEARCH_USER_PATHS = NO;
				ASSETCATALOG_COMPILER_GENERATE_SWIFT_ASSET_SYMBOL_EXTENSIONS = YES;
				CLANG_ANALYZER_NONNULL = YES;
				CLANG_ANALYZER_NUMBER_OBJECT_CONVERSION = YES_AGGRESSIVE;
				CLANG_CXX_LANGUAGE_STANDARD = "gnu++20";
				CLANG_ENABLE_MODULES = YES;
				CLANG_ENABLE_OBJC_ARC = YES;
				CLANG_ENABLE_OBJC_WEAK = YES;
				CLANG_WARN_BLOCK_CAPTURE_AUTORELEASING = YES;
				CLANG_WARN_BOOL_CONVERSION = YES;
				CLANG_WARN_COMMA = YES;
				CLANG_WARN_CONSTANT_CONVERSION = YES;
				CLANG_WARN_DEPRECATED_OBJC_IMPLEMENTATIONS = YES;
				CLANG_WARN_DIRECT_OBJC_ISA_USAGE = YES_ERROR;
				CLANG_WARN_DOCUMENTATION_COMMENTS = YES;
				CLANG_WARN_EMPTY_BODY = YES;
				CLANG_WARN_ENUM_CONVERSION = YES;
				CLANG_WARN_INFINITE_RECURSION = YES;
				CLANG_WARN_INT_CONVERSION = YES;
				CLANG_WARN_NON_LITERAL_NULL_CONVERSION = YES;
				CLANG_WARN_OBJC_IMPLICIT_RETAIN_SELF = YES;
				CLANG_WARN_OBJC_LITERAL_CONVERSION = YES;
				CLANG_WARN_OBJC_ROOT_CLASS = YES_ERROR;
				CLANG_WARN_QUOTED_INCLUDE_IN_FRAMEWORK_HEADER = YES;
				CLANG_WARN_RANGE_LOOP_ANALYSIS = YES;
				CLANG_WARN_STRICT_PROTOTYPES = YES;
				CLANG_WARN_SUSPICIOUS_MOVE = YES;
				CLANG_WARN_UNGUARDED_AVAILABILITY = YES_AGGRESSIVE;
				CLANG_WARN_UNREACHABLE_CODE = YES;
				CLANG_WARN__DUPLICATE_METHOD_MATCH = YES;
				COPY_PHASE_STRIP = NO;
				DEBUG_INFORMATION_FORMAT = "dwarf-with-dsym";
				ENABLE_NS_ASSERTIONS = NO;
				ENABLE_STRICT_OBJC_MSGSEND = YES;
				ENABLE_USER_SCRIPT_SANDBOXING = YES;
				GCC_C_LANGUAGE_STANDARD = gnu17;
				GCC_NO_COMMON_BLOCKS = YES;
				GCC_WARN_64_TO_32_BIT_CONVERSION = YES;
				GCC_WARN_ABOUT_RETURN_TYPE = YES_ERROR;
				GCC_WARN_UNDECLARED_SELECTOR = YES;
				GCC_WARN_UNINITIALIZED_AUTOS = YES_AGGRESSIVE;
				GCC_WARN_UNUSED_FUNCTION = YES;
				GCC_WARN_UNUSED_VARIABLE = YES;
				IPHONEOS_DEPLOYMENT_TARGET = 18.0;
				LOCALIZATION_PREFERS_STRING_CATALOGS = YES;
				MTL_ENABLE_DEBUG_INFO = NO;
				MTL_FAST_MATH = YES;
				SDKROOT = iphoneos;
				SWIFT_COMPILATION_MODE = wholemodule;
				VALIDATE_PRODUCT = YES;
			};
			name = Release;
		};
		DBAD3AB22DBD775600063B2C /* Debug */ = {
			isa = XCBuildConfiguration;
			buildSettings = {
				BUNDLE_LOADER = "$(TEST_HOST)";
				CODE_SIGN_STYLE = Automatic;
				CURRENT_PROJECT_VERSION = 1;
				DEVELOPMENT_TEAM = 242J9RYTYL;
				GENERATE_INFOPLIST_FILE = YES;
				IPHONEOS_DEPLOYMENT_TARGET = 18.0;
				MARKETING_VERSION = 1.0;
				PRODUCT_BUNDLE_IDENTIFIER = dev.gichuki.CoinLedgerTests;
				PRODUCT_NAME = "$(TARGET_NAME)";
				SWIFT_EMIT_LOC_STRINGS = NO;
				SWIFT_VERSION = 5.0;
				TARGETED_DEVICE_FAMILY = "1,2";
				TEST_HOST = "$(BUILT_PRODUCTS_DIR)/CoinLedger.app/$(BUNDLE_EXECUTABLE_FOLDER_PATH)/CoinLedger";
			};
			name = Debug;
		};
		DBAD3AB32DBD775600063B2C /* Release */ = {
			isa = XCBuildConfiguration;
			buildSettings = {
				BUNDLE_LOADER = "$(TEST_HOST)";
				CODE_SIGN_STYLE = Automatic;
				CURRENT_PROJECT_VERSION = 1;
				DEVELOPMENT_TEAM = 242J9RYTYL;
				GENERATE_INFOPLIST_FILE = YES;
				IPHONEOS_DEPLOYMENT_TARGET = 18.0;
				MARKETING_VERSION = 1.0;
				PRODUCT_BUNDLE_IDENTIFIER = dev.gichuki.CoinLedgerTests;
				PRODUCT_NAME = "$(TARGET_NAME)";
				SWIFT_EMIT_LOC_STRINGS = NO;
				SWIFT_VERSION = 5.0;
				TARGETED_DEVICE_FAMILY = "1,2";
				TEST_HOST = "$(BUILT_PRODUCTS_DIR)/CoinLedger.app/$(BUNDLE_EXECUTABLE_FOLDER_PATH)/CoinLedger";
			};
			name = Release;
		};
		DBAD3AB52DBD775600063B2C /* Debug */ = {
			isa = XCBuildConfiguration;
			buildSettings = {
				"CODE_SIGN_IDENTITY[sdk=macosx*]" = "-";
				CODE_SIGN_STYLE = Automatic;
				CURRENT_PROJECT_VERSION = 1;
				DEVELOPMENT_TEAM = 242J9RYTYL;
				GENERATE_INFOPLIST_FILE = YES;
				MARKETING_VERSION = 1.0;
				PRODUCT_BUNDLE_IDENTIFIER = dev.gichuki.CoinLedgerUITests;
				PRODUCT_NAME = "$(TARGET_NAME)";
				SWIFT_EMIT_LOC_STRINGS = NO;
				SWIFT_VERSION = 5.0;
				TARGETED_DEVICE_FAMILY = "1,2";
				TEST_TARGET_NAME = CoinLedger;
			};
			name = Debug;
		};
		DBAD3AB62DBD775600063B2C /* Release */ = {
			isa = XCBuildConfiguration;
			buildSettings = {
				"CODE_SIGN_IDENTITY[sdk=macosx*]" = "-";
				CODE_SIGN_STYLE = Automatic;
				CURRENT_PROJECT_VERSION = 1;
				DEVELOPMENT_TEAM = 242J9RYTYL;
				GENERATE_INFOPLIST_FILE = YES;
				MARKETING_VERSION = 1.0;
				PRODUCT_BUNDLE_IDENTIFIER = dev.gichuki.CoinLedgerUITests;
				PRODUCT_NAME = "$(TARGET_NAME)";
				SWIFT_EMIT_LOC_STRINGS = NO;
				SWIFT_VERSION = 5.0;
				TARGETED_DEVICE_FAMILY = "1,2";
				TEST_TARGET_NAME = CoinLedger;
			};
			name = Release;
		};
/* End XCBuildConfiguration section */

/* Begin XCConfigurationList section */
		DBAD3A7B2DBD775500063B2C /* Build configuration list for PBXProject "CoinLedger" */ = {
			isa = XCConfigurationList;
			buildConfigurations = (
				DBAD3AAF2DBD775600063B2C /* Debug */,
				DBAD3AB02DBD775600063B2C /* Release */,
			);
			defaultConfigurationIsVisible = 0;
			defaultConfigurationName = Release;
		};
		DBAD3AAC2DBD775600063B2C /* Build configuration list for PBXNativeTarget "CoinLedger" */ = {
			isa = XCConfigurationList;
			buildConfigurations = (
				DBAD3AAD2DBD775600063B2C /* Debug */,
				DBAD3AAE2DBD775600063B2C /* Release */,
			);
			defaultConfigurationIsVisible = 0;
			defaultConfigurationName = Release;
		};
		DBAD3AB12DBD775600063B2C /* Build configuration list for PBXNativeTarget "CoinLedgerTests" */ = {
			isa = XCConfigurationList;
			buildConfigurations = (
				DBAD3AB22DBD775600063B2C /* Debug */,
				DBAD3AB32DBD775600063B2C /* Release */,
			);
			defaultConfigurationIsVisible = 0;
			defaultConfigurationName = Release;
		};
		DBAD3AB42DBD775600063B2C /* Build configuration list for PBXNativeTarget "CoinLedgerUITests" */ = {
			isa = XCConfigurationList;
			buildConfigurations = (
				DBAD3AB52DBD775600063B2C /* Debug */,
				DBAD3AB62DBD775600063B2C /* Release */,
			);
			defaultConfigurationIsVisible = 0;
			defaultConfigurationName = Release;
		};
/* End XCConfigurationList section */
	};
	rootObject = DBAD3A782DBD775500063B2C /* Project object */;
}
